
Microsoft Visual Studio Solution File, Format Version 12.00
# Visual Studio 15
VisualStudioVersion = 15.0.26430.14
MinimumVisualStudioVersion = 10.0.40219.1
Project("{FAE04EC0-301F-11D3-BF4B-00C04F79EFBC}") = "Client", "Client\Client.csproj", "{EA1BCA12-04CC-4964-A936-E06F94E4BA76}"
	ProjectSection(ProjectDependencies) = postProject
		{DA85E555-21C3-4641-B1C8-9B85FCD1F5E1} = {DA85E555-21C3-4641-B1C8-9B85FCD1F5E1}
	EndProjectSection
EndProject
Project("{8BC9CEB8-8B4A-11D0-8D11-00A0C91BC942}") = "OCV3", "OCV3\OCV3.vcxproj", "{DA85E555-21C3-4641-B1C8-9B85FCD1F5E1}"
EndProject
Global
	GlobalSection(SolutionConfigurationPlatforms) = preSolution
		Debug|ARM = Debug|ARM
		Debug|x64 = Debug|x64
		Debug|x86 = Debug|x86
		Release|ARM = Release|ARM
		Release|x64 = Release|x64
		Release|x86 = Release|x86
	EndGlobalSection
	GlobalSection(ProjectConfigurationPlatforms) = postSolution
		{EA1BCA12-04CC-4964-A936-E06F94E4BA76}.Debug|ARM.ActiveCfg = Debug|ARM
		{EA1BCA12-04CC-4964-A936-E06F94E4BA76}.Debug|ARM.Build.0 = Debug|ARM
		{EA1BCA12-04CC-4964-A936-E06F94E4BA76}.Debug|ARM.Deploy.0 = Debug|ARM
		{EA1BCA12-04CC-4964-A936-E06F94E4BA76}.Debug|x64.ActiveCfg = Debug|x64
		{EA1BCA12-04CC-4964-A936-E06F94E4BA76}.Debug|x64.Build.0 = Debug|x64
		{EA1BCA12-04CC-4964-A936-E06F94E4BA76}.Debug|x64.Deploy.0 = Debug|x64
		{EA1BCA12-04CC-4964-A936-E06F94E4BA76}.Debug|x86.ActiveCfg = Debug|x86
		{EA1BCA12-04CC-4964-A936-E06F94E4BA76}.Debug|x86.Build.0 = Debug|x86
		{EA1BCA12-04CC-4964-A936-E06F94E4BA76}.Debug|x86.Deploy.0 = Debug|x86
		{EA1BCA12-04CC-4964-A936-E06F94E4BA76}.Release|ARM.ActiveCfg = Release|ARM
		{EA1BCA12-04CC-4964-A936-E06F94E4BA76}.Release|ARM.Build.0 = Release|ARM
		{EA1BCA12-04CC-4964-A936-E06F94E4BA76}.Release|ARM.Deploy.0 = Release|ARM
		{EA1BCA12-04CC-4964-A936-E06F94E4BA76}.Release|x64.ActiveCfg = Release|x64
		{EA1BCA12-04CC-4964-A936-E06F94E4BA76}.Release|x64.Build.0 = Release|x64
		{EA1BCA12-04CC-4964-A936-E06F94E4BA76}.Release|x64.Deploy.0 = Release|x64
		{EA1BCA12-04CC-4964-A936-E06F94E4BA76}.Release|x86.ActiveCfg = Release|x86
		{EA1BCA12-04CC-4964-A936-E06F94E4BA76}.Release|x86.Build.0 = Release|x86
		{EA1BCA12-04CC-4964-A936-E06F94E4BA76}.Release|x86.Deploy.0 = Release|x86
		{DA85E555-21C3-4641-B1C8-9B85FCD1F5E1}.Debug|ARM.ActiveCfg = Debug|ARM
		{DA85E555-21C3-4641-B1C8-9B85FCD1F5E1}.Debug|ARM.Build.0 = Debug|ARM
		{DA85E555-21C3-4641-B1C8-9B85FCD1F5E1}.Debug|x64.ActiveCfg = Debug|x64
		{DA85E555-21C3-4641-B1C8-9B85FCD1F5E1}.Debug|x64.Build.0 = Debug|x64
		{DA85E555-21C3-4641-B1C8-9B85FCD1F5E1}.Debug|x86.ActiveCfg = Debug|Win32
		{DA85E555-21C3-4641-B1C8-9B85FCD1F5E1}.Debug|x86.Build.0 = Debug|Win32
		{DA85E555-21C3-4641-B1C8-9B85FCD1F5E1}.Release|ARM.ActiveCfg = Release|ARM
		{DA85E555-21C3-4641-B1C8-9B85FCD1F5E1}.Release|ARM.Build.0 = Release|ARM
		{DA85E555-21C3-4641-B1C8-9B85FCD1F5E1}.Release|x64.ActiveCfg = Release|x64
		{DA85E555-21C3-4641-B1C8-9B85FCD1F5E1}.Release|x64.Build.0 = Release|x64
		{DA85E555-21C3-4641-B1C8-9B85FCD1F5E1}.Release|x86.ActiveCfg = Release|Win32
		{DA85E555-21C3-4641-B1C8-9B85FCD1F5E1}.Release|x86.Build.0 = Release|Win32
	EndGlobalSection
	GlobalSection(SolutionProperties) = preSolution
		HideSolutionNode = FALSE
	EndGlobalSection
EndGlobal
